
Microsoft Visual Studio Solution File, Format Version 12.00
# Visual Studio 14
VisualStudioVersion = 14.0.24720.0
MinimumVisualStudioVersion = 10.0.40219.1
Project("{9092AA53-FB77-4645-B42D-1CCCA6BD08BD}") = "react-express-plural", "react-express-plural\react-express-plural.njsproj", "{29F1F0CE-7D05-44F8-BD26-53A770C7E13D}"
EndProject
Global
	GlobalSection(SolutionConfigurationPlatforms) = preSolution
		Debug|Any CPU = Debug|Any CPU
		Release|Any CPU = Release|Any CPU
	EndGlobalSection
	GlobalSection(ProjectConfigurationPlatforms) = postSolution
		{29F1F0CE-7D05-44F8-BD26-53A770C7E13D}.Debug|Any CPU.ActiveCfg = Debug|Any CPU
		{29F1F0CE-7D05-44F8-BD26-53A770C7E13D}.Debug|Any CPU.Build.0 = Debug|Any CPU
		{29F1F0CE-7D05-44F8-BD26-53A770C7E13D}.Release|Any CPU.ActiveCfg = Release|Any CPU
		{29F1F0CE-7D05-44F8-BD26-53A770C7E13D}.Release|Any CPU.Build.0 = Release|Any CPU
	EndGlobalSection
	GlobalSection(SolutionProperties) = preSolution
		HideSolutionNode = FALSE
	EndGlobalSection
EndGlobal
